
Microsoft Visual Studio Solution File, Format Version 12.00
# Visual Studio Version 16
VisualStudioVersion = 16.0.30413.136
MinimumVisualStudioVersion = 10.0.40219.1
Project("{FAE04EC0-301F-11D3-BF4B-00C04F79EFBC}") = "To-Do List", "To-Do List\To-Do List.csproj", "{DFAD48C9-A06B-4F4D-BA74-D5A4441AAE43}"
EndProject
Global
	GlobalSection(SolutionConfigurationPlatforms) = preSolution
		Debug|Any CPU = Debug|Any CPU
		Release|Any CPU = Release|Any CPU
	EndGlobalSection
	GlobalSection(ProjectConfigurationPlatforms) = postSolution
		{DFAD48C9-A06B-4F4D-BA74-D5A4441AAE43}.Debug|Any CPU.ActiveCfg = Debug|Any CPU
		{DFAD48C9-A06B-4F4D-BA74-D5A4441AAE43}.Debug|Any CPU.Build.0 = Debug|Any CPU
		{DFAD48C9-A06B-4F4D-BA74-D5A4441AAE43}.Release|Any CPU.ActiveCfg = Release|Any CPU
		{DFAD48C9-A06B-4F4D-BA74-D5A4441AAE43}.Release|Any CPU.Build.0 = Release|Any CPU
	EndGlobalSection
	GlobalSection(SolutionProperties) = preSolution
		HideSolutionNode = FALSE
	EndGlobalSection
	GlobalSection(ExtensibilityGlobals) = postSolution
		SolutionGuid = {CCE9D907-00B7-4800-9CB0-A259BCA0C68E}
	EndGlobalSection
EndGlobal
